
Microsoft Visual Studio Solution File, Format Version 12.00
# Visual Studio Version 16
VisualStudioVersion = 16.0.28711.60
MinimumVisualStudioVersion = 10.0.40219.1
Project("{FAE04EC0-301F-11D3-BF4B-00C04F79EFBC}") = "evtx", "evtx\evtx.csproj", "{052671C4-45C2-4340-A2F6-52DD2DFEEC6C}"
EndProject
Project("{FAE04EC0-301F-11D3-BF4B-00C04F79EFBC}") = "evtx.Test", "evtx.Test\evtx.Test.csproj", "{95F2D7A0-54D6-435C-8567-35769D8850C8}"
EndProject
Global
	GlobalSection(SolutionConfigurationPlatforms) = preSolution
		Debug|Any CPU = Debug|Any CPU
		Release|Any CPU = Release|Any CPU
	EndGlobalSection
	GlobalSection(ProjectConfigurationPlatforms) = postSolution
		{052671C4-45C2-4340-A2F6-52DD2DFEEC6C}.Debug|Any CPU.ActiveCfg = Debug|Any CPU
		{052671C4-45C2-4340-A2F6-52DD2DFEEC6C}.Debug|Any CPU.Build.0 = Debug|Any CPU
		{052671C4-45C2-4340-A2F6-52DD2DFEEC6C}.Release|Any CPU.ActiveCfg = Release|Any CPU
		{052671C4-45C2-4340-A2F6-52DD2DFEEC6C}.Release|Any CPU.Build.0 = Release|Any CPU
		{95F2D7A0-54D6-435C-8567-35769D8850C8}.Debug|Any CPU.ActiveCfg = Debug|Any CPU
		{95F2D7A0-54D6-435C-8567-35769D8850C8}.Debug|Any CPU.Build.0 = Debug|Any CPU
		{95F2D7A0-54D6-435C-8567-35769D8850C8}.Release|Any CPU.ActiveCfg = Release|Any CPU
		{95F2D7A0-54D6-435C-8567-35769D8850C8}.Release|Any CPU.Build.0 = Release|Any CPU
	EndGlobalSection
	GlobalSection(SolutionProperties) = preSolution
		HideSolutionNode = FALSE
	EndGlobalSection
	GlobalSection(ExtensibilityGlobals) = postSolution
		SolutionGuid = {BCEAF065-7198-4F28-A8A9-9C054B69EAF8}
	EndGlobalSection
EndGlobal
